
Microsoft Visual Studio Solution File, Format Version 12.00
# Visual Studio Version 17
VisualStudioVersion = 17.9.34902.65
MinimumVisualStudioVersion = 10.0.40219.1
Project("{FAE04EC0-301F-11D3-BF4B-00C04F79EFBC}") = "WindowsCredentialProviderTest", "WindowsCredentialProviderTest\WindowsCredentialProviderTest.csproj", "{3FD2BA7E-B14C-4691-9517-51011434F147}"
EndProject
Project("{2150E333-8FDC-42A3-9474-1A3956D46DE8}") = "Solution Items", "Solution Items", "{D422F14F-8F29-45E0-886F-84FBACA426D0}"
	ProjectSection(SolutionItems) = preProject
		Credential_Provider_Technical_Reference.xps = Credential_Provider_Technical_Reference.xps
		InteropExport.md = InteropExport.md
		Package.fsx = Package.fsx
		PackageSource.fsx = PackageSource.fsx
		readme.md = readme.md
		register-credentials-provider.reg = register-credentials-provider.reg
		sampleInstall.fsx = sampleInstall.fsx
		todo.txt = todo.txt
	EndProjectSection
EndProject
Project("{FAE04EC0-301F-11D3-BF4B-00C04F79EFBC}") = "TestConsoleApp", "TestConsoleApp\TestConsoleApp.csproj", "{526F390F-E03D-4A41-BDC7-2A07BA5B1304}"
EndProject
Project("{2150E333-8FDC-42A3-9474-1A3956D46DE8}") = "Interop", "Interop", "{B30BC802-F08E-4AF2-AB8B-AD75740EF954}"
	ProjectSection(SolutionItems) = preProject
		Interop\CredentialProvider.Interop.dll = Interop\CredentialProvider.Interop.dll
		Interop\credentialprovider.tlb = Interop\credentialprovider.tlb
	EndProjectSection
EndProject
Project("{6EC3EE1D-3C4E-46DD-8F32-0CC8E7565705}") = "CredentialHelper", "CredentialHelper\CredentialHelper.fsproj", "{1FF1DB38-5C09-4443-9F48-3A00F228DBA4}"
EndProject
Project("{FAE04EC0-301F-11D3-BF4B-00C04F79EFBC}") = "CredentialHelper.UI", "src\CredentialHelper.UI\CredentialHelper.UI.csproj", "{8BAE8CEC-5892-43B2-999E-D1781B75C38B}"
EndProject
Project("{9A19103F-16F7-4668-BE54-9A1E7A4F7556}") = "CredentialHelper.SourceGen", "CredentialHelper.SourceGen\CredentialHelper.SourceGen.csproj", "{FD674A91-3B0A-4CEB-B411-538CE79C4BE6}"
EndProject
Project("{F2A71F9B-5D33-465A-A702-920D77279786}") = "CredentialHelper.Reusable", "src\CredentialHelper.Reusable\CredentialHelper.Reusable.fsproj", "{47CED528-D3F3-43A1-90CB-8F98B7C524C9}"
EndProject
Project("{FAE04EC0-301F-11D3-BF4B-00C04F79EFBC}") = "CredentialHelper.Generated", "src\CredentialHelper.Generated\CredentialHelper.Generated.csproj", "{42A62D32-D807-4981-8BDF-C7DEB6DF2DCB}"
EndProject
Global
	GlobalSection(SolutionConfigurationPlatforms) = preSolution
		Debug|Any CPU = Debug|Any CPU
		Release|Any CPU = Release|Any CPU
	EndGlobalSection
	GlobalSection(ProjectConfigurationPlatforms) = postSolution
		{3FD2BA7E-B14C-4691-9517-51011434F147}.Debug|Any CPU.ActiveCfg = Debug|Any CPU
		{3FD2BA7E-B14C-4691-9517-51011434F147}.Debug|Any CPU.Build.0 = Debug|Any CPU
		{3FD2BA7E-B14C-4691-9517-51011434F147}.Release|Any CPU.ActiveCfg = Release|Any CPU
		{3FD2BA7E-B14C-4691-9517-51011434F147}.Release|Any CPU.Build.0 = Release|Any CPU
		{526F390F-E03D-4A41-BDC7-2A07BA5B1304}.Debug|Any CPU.ActiveCfg = Debug|Any CPU
		{526F390F-E03D-4A41-BDC7-2A07BA5B1304}.Debug|Any CPU.Build.0 = Debug|Any CPU
		{526F390F-E03D-4A41-BDC7-2A07BA5B1304}.Release|Any CPU.ActiveCfg = Release|Any CPU
		{526F390F-E03D-4A41-BDC7-2A07BA5B1304}.Release|Any CPU.Build.0 = Release|Any CPU
		{1FF1DB38-5C09-4443-9F48-3A00F228DBA4}.Debug|Any CPU.ActiveCfg = Debug|Any CPU
		{1FF1DB38-5C09-4443-9F48-3A00F228DBA4}.Debug|Any CPU.Build.0 = Debug|Any CPU
		{1FF1DB38-5C09-4443-9F48-3A00F228DBA4}.Release|Any CPU.ActiveCfg = Release|Any CPU
		{1FF1DB38-5C09-4443-9F48-3A00F228DBA4}.Release|Any CPU.Build.0 = Release|Any CPU
		{8BAE8CEC-5892-43B2-999E-D1781B75C38B}.Debug|Any CPU.ActiveCfg = Debug|Any CPU
		{8BAE8CEC-5892-43B2-999E-D1781B75C38B}.Debug|Any CPU.Build.0 = Debug|Any CPU
		{8BAE8CEC-5892-43B2-999E-D1781B75C38B}.Release|Any CPU.ActiveCfg = Release|Any CPU
		{8BAE8CEC-5892-43B2-999E-D1781B75C38B}.Release|Any CPU.Build.0 = Release|Any CPU
		{FD674A91-3B0A-4CEB-B411-538CE79C4BE6}.Debug|Any CPU.ActiveCfg = Debug|Any CPU
		{FD674A91-3B0A-4CEB-B411-538CE79C4BE6}.Debug|Any CPU.Build.0 = Debug|Any CPU
		{FD674A91-3B0A-4CEB-B411-538CE79C4BE6}.Release|Any CPU.ActiveCfg = Release|Any CPU
		{FD674A91-3B0A-4CEB-B411-538CE79C4BE6}.Release|Any CPU.Build.0 = Release|Any CPU
		{47CED528-D3F3-43A1-90CB-8F98B7C524C9}.Debug|Any CPU.ActiveCfg = Debug|Any CPU
		{47CED528-D3F3-43A1-90CB-8F98B7C524C9}.Debug|Any CPU.Build.0 = Debug|Any CPU
		{47CED528-D3F3-43A1-90CB-8F98B7C524C9}.Release|Any CPU.ActiveCfg = Release|Any CPU
		{47CED528-D3F3-43A1-90CB-8F98B7C524C9}.Release|Any CPU.Build.0 = Release|Any CPU
		{42A62D32-D807-4981-8BDF-C7DEB6DF2DCB}.Debug|Any CPU.ActiveCfg = Debug|Any CPU
		{42A62D32-D807-4981-8BDF-C7DEB6DF2DCB}.Debug|Any CPU.Build.0 = Debug|Any CPU
		{42A62D32-D807-4981-8BDF-C7DEB6DF2DCB}.Release|Any CPU.ActiveCfg = Release|Any CPU
		{42A62D32-D807-4981-8BDF-C7DEB6DF2DCB}.Release|Any CPU.Build.0 = Release|Any CPU
	EndGlobalSection
	GlobalSection(SolutionProperties) = preSolution
		HideSolutionNode = FALSE
	EndGlobalSection
	GlobalSection(NestedProjects) = preSolution
		{B30BC802-F08E-4AF2-AB8B-AD75740EF954} = {D422F14F-8F29-45E0-886F-84FBACA426D0}
	EndGlobalSection
	GlobalSection(ExtensibilityGlobals) = postSolution
		SolutionGuid = {9228F396-C39F-43E5-8E28-C343D392CFA7}
	EndGlobalSection
EndGlobal
